526265518556983570925714757201573855744357588577385787958064692387300077206772577730777590776447769477742777927784277891779397798778039780917814278192782417829278477785257857378622786867873778872789207896979155792037925179300793487939779449794988431584367844158446484564846138600086067861218616886316863677742779378438022807430540306613073630784308333176931818318673191431965320133206232110321603221332263323123236332411324613250932557326053265432702331273317633228332763332933378334273347433526335723362033670339473408834136341873423634283343363438436915369673701537064372053770539169393313938139431394784106441113411624121141259413074144341491434834385943905439574400444056461834623346281463294637946513465624661046660468084685748815489824903549085491334918049320494564957549747497954984749896499444999250041501375053350737512465361953677539055395554003540515410054291544865479355934560975621556264565035655156599566485671856916572375865159295696136983070078701327018770242716557190472200722517230273190733437526581846819688252782579826788273082781829208297583025831288350184435973939751197765978159812398174982239827298320983729842298543987639881198860990839920499325993749949199540363713639137821383413884139351398714038140881595216184165041718817290174821772317773178731792517927180231807318123181751822618276183281838418439184891863418684187321878618833188851893518986190871918519237195181966419714197651982219821199241998119980201652022320273203232037320491206992075020801208972094722122284714637860770695719474695080957889599496050961069616196222968709750534503813403840924273641388749162932494191595916685167371683957252573195739657453578495789965200652556540265454655046555565605656556696267105673647601676377764407687677549776017774281017811608121098100981789834098391991459944099490995771337714191142461439714450210702112430917309743102431117311673121931386315403257232711329563339334687385294084452550526065265952716527705281953208532605340453682540015413954190542485430254440544915514155193552465616756814569996826269541695996974669799698547001470065702077032370732710457129271572716287177671829718839821298791121176319461792136916301826233823902913450945654615467347314782530853615416546655215579563256845736579058425893594559956045115471398115017150691512415179152331546115511155631561415802158762590727443275882772932822328753359735958360103637950587512295219854060541825452554590548975509155143552825533555385554366600166975752707854552115374553259247290734375567612792579798031810281538203873087838839936295009552960297499801998810918113951184012071