52626551855698357092571475720157385574435758857738578795806469238730007720677257773077759077644776947774277792778427789177939779877803978091781427819278241782927847778525785737862278686787377887278920789697915579203792517930079348793977944979498843158436784415844648456484613860008606786121861688631686367774277937843802280743054030661307363078430833317693181831867319143196532013320623211032160322133226332312323633241132461325093255732605326543270233127331763322833276333293337833427334743352633572336203367033947340883413634187342363428334336343843691536967370153706437205377053916939331393813943139478410644111341162412114125941307414434149143483438594390543957440044405646183462334628146329463794651346562466104666046808468574881548982490354908549133491804932049456495754974749795498474989649944499925004150137505335073751246536195367753905539555400354051541005429154486547935593456097562155626456503565515659956648567185691657237586515929569613698307007870132701877024271655719047220072251723027319073343752658184681968825278257982678827308278182920829758302583128835018443597393975119776597815981239817498223982729832098372984229854398763988119886099083992049932599374994919954036371363913782138341388413935139871403814088159521618416504171881729017482177231777317873179251792718023180731812318175182261827618328183841843918489186341868418732187861883318885189351898619087191851923719518196641971419765198221982119924199811998020165202232027320323203732049120699207502080120897209472212228471463786077069571947469508095788959949605096106961619622296870975053450381340384092427364138874916293249419159591668516737168395725257319573965745357849578996520065255654026545465504655556560565655669626710567364760167637776440768767754977601777428101781160812109810098178983409839199145994409949099577133771419114246143971445021070211243091730974310243111731167312193138631540325723271132956333933468738529408445255052606526595271652770528195320853260534045368254001541395419054248543025444054491551415519355246561675681456999682626954169599697466979969854700147006570207703237073271045712927157271628717767182971883982129879112117631946179213691630182623382390291345094565461546734731478253085361541654665521557956325684573657905842589359455995604511547139811501715069151241517915233154611551115563156141580215876259072744327588277293282232875335973595836010363795058751229521985406054182545255459054897550915514355282553355538555436660016697575270785455211537455325924729073437556761279257979803181028153820387308783883993629500955296029749980199881091811395118401207143422439124411844175444638946693544936019383393887939389399596224996373877738921417514760647669477494781247899480404809648794490304908849170501795036050442505015064150717507795164552273545325574955927723048159281755818198196282044821848223882399824668252083238839908406484213909819105091104927865867670669887115723473237377743174857539767677867843805881242802928082281442820628356284112855928612287592881329054292012925529309303743046530521305923074030793308473090930962310163116531223312813133645677458434590086970898966730667437675676770167768679206804768101681566820968335683916842468589686486870168757688116886568918689756928369337697657037770576706327139171903724407256172622726757272872833728877927581254935599397598781990379946699575996289968199823182384586980104611151348140314551508156416181678173818851938199220462099220522602407256426982935298832923746272132729040420854378557685638878388790387968880288876088827889038897089105891688923319010191881934219510195751963719704197701983319901199712003220111206402071522547275542770428042282052828628453289702910329185293162945029655297312985529992305173069930944311393235932666327953291633431336223374365591724487252572628727037278572860729377301173088733507342773500735727364973727738017401674089744277476274845749217500175075756497572477123771997780977888779757805178131