526265518556983570925714757201573855744357588577385787958064692387300077206772577730777590776447769477742777927784277891779397798778039780917814278192782417829278477785257857378622786867873778872789207896979155792037925179300793487939779449794988431584367844158446484564846138600086067861218616886316863677742779378438022807430540306613073630784308333176931818318673191431965320133206232110321603221332263323123236332411324613250932557326053265432702331273317633228332763332933378334273347433526335723362033670339473408834136341873423634283343363438436915369673701537064372053770539169393313938139431394784106441113411624121141259413074144341491434834385943905439574400444056461834623346281463294637946513465624661046660468084685748815489824903549085491334918049320494564957549747497954984749896499444999250041501375053350737512465361953677539055395554003540515410054291544865479355934560975621556264565035655156599566485671856916572375865159295696136983070078701327018770242716557190472200722517230273190733437526581846819688252782579826788273082781829208297583025831288350184435973939751197765978159812398174982239827298320983729842298543987639881198860990839920499325993749949199540363713639137821383413884139351398714038140881595216184165041718817290174821772317773178731792517927180231807318123181751822618276183281838418439184891863418684187321878618833188851893518986190871918519237195181966419714197651982219821199241998119980201652022320273203232037320491206992075020801208972094722122284714637860770695719474695080957889599496050961069616196222968709750534503813403840924273641388749162932494191595916685167371683957252573195739657453578495789965200652556540265454655046555565605656556696267105673647601676377764407687677549776017774281017811608121098100981789834098391991459944099490995771337714191142461439714450210702112430917309743102431117311673121931386315403257232711329563339334687385294084452550526065265952716527705281953208532605340453682540015413954190542485430254440544915514155193552465616756814569996826269541695996974669799698547001470065702077032370732710457129271572716287177671829718839821298791121176319461792136916301826233823902913450945654615467347314782530853615416546655215579563256845736579058425893594559956045115471398115017150691512415179152331546115511155631561415802158762590727443275882772932822328753359735958360103637950587512295219854060541825452554590548975509155143552825533555385554366600166975752707854552115374553259247290734375567612792579798031810281538203873087838839936295009552960297499801998810918113951184012071434224391244118441754446389466935449360193833938879393893995962249963738777389214175147606476694774947812478994804048096487944903049088491705017950360504425050150641507175077951645522735453255749559277230481592817558181981962820448218482238823998246682520832388399084064842139098191050911049278658676706698871157234732373777431748575397676778678438058812428029280822814428206283562841128559286122875928813290542920129255293093037430465305213059230740307933084730909309623101631165312233128131336456774584345900869708989667306674376756767701677686792068047681016815668209683356839168424685896864868701687576881168865689186897569283693376976570377705767063271391719037244072561726227267572728728337288779275812549355993975987819903799466995759962899681998231823845869801046111513481403145515081564161816781738188519381992204620992205226024072564269829352988329237462721327290404208543785576856388783887903879688802888760888278890388970891058916889233190101918819342195101957519637197041977019833199011997120032201112064020715225472755427704280422820528286284532897029103291852931629450296552973129855299923051730699309443113932359326663279532916334313362233743655917244872525726287270372785728607293773011730887335073427735007357273649737277380174016740897442774762748457492175001750757564975724771237719977809778887797578051781311378813865239132398924153242252457724649